
Microsoft Visual Studio Solution File, Format Version 12.00
# Visual Studio 14
VisualStudioVersion = 14.0.25123.0
MinimumVisualStudioVersion = 10.0.40219.1
Project("{FAE04EC0-301F-11D3-BF4B-00C04F79EFBC}") = "CodingChallenge", "CodingChallenge\CodingChallenge.csproj", "{32B406A7-FA18-4A68-8A0E-0F9F8BD741D1}"
EndProject
Global
	GlobalSection(SolutionConfigurationPlatforms) = preSolution
		Debug|Any CPU = Debug|Any CPU
		Release|Any CPU = Release|Any CPU
	EndGlobalSection
	GlobalSection(ProjectConfigurationPlatforms) = postSolution
		{32B406A7-FA18-4A68-8A0E-0F9F8BD741D1}.Debug|Any CPU.ActiveCfg = Debug|Any CPU
		{32B406A7-FA18-4A68-8A0E-0F9F8BD741D1}.Debug|Any CPU.Build.0 = Debug|Any CPU
		{32B406A7-FA18-4A68-8A0E-0F9F8BD741D1}.Release|Any CPU.ActiveCfg = Release|Any CPU
		{32B406A7-FA18-4A68-8A0E-0F9F8BD741D1}.Release|Any CPU.Build.0 = Release|Any CPU
	EndGlobalSection
	GlobalSection(SolutionProperties) = preSolution
		HideSolutionNode = FALSE
	EndGlobalSection
EndGlobal
